
Microsoft Visual Studio Solution File, Format Version 12.00
# Visual Studio Version 17
VisualStudioVersion = 17.4.33205.214
MinimumVisualStudioVersion = 10.0.40219.1
Project("{8BC9CEB8-8B4A-11D0-8D11-00A0C91BC942}") = "Template", "Template\Template.vcxproj", "{B5667964-AF03-4D48-A740-6925106CA558}"
EndProject
Project("{2150E333-8FDC-42A3-9474-1A3956D46DE8}") = "examples", "examples", "{2EB5E6C2-890A-46D2-8D26-7F6D32673659}"
EndProject
Project("{8BC9CEB8-8B4A-11D0-8D11-00A0C91BC942}") = "Blitzcrank", "examples\Blitzcrank\Blitzcrank.vcxproj", "{13301AD7-E780-41C3-984F-90DA368422DF}"
EndProject
Project("{8BC9CEB8-8B4A-11D0-8D11-00A0C91BC942}") = "BuzzActivator", "examples\BuzzActivator\BuzzActivator.vcxproj", "{88242D70-568D-4EC3-8E9F-053A60756C9F}"
EndProject
Project("{8BC9CEB8-8B4A-11D0-8D11-00A0C91BC942}") = "Caitlyn", "examples\Caitlyn\Caitlyn.vcxproj", "{55785347-0AF3-4E02-A9D9-7F6C69C71311}"
EndProject
Project("{8BC9CEB8-8B4A-11D0-8D11-00A0C91BC942}") = "Cassiopeia", "examples\Cassiopeia\Cassiopeia.vcxproj", "{7A68FD73-EB3E-4EEC-BF69-F323FFE9C3CB}"
EndProject
Project("{8BC9CEB8-8B4A-11D0-8D11-00A0C91BC942}") = "Draven", "examples\Draven\Draven.vcxproj", "{E46AA798-876B-4F03-B7D0-849FCF9ECE56}"
EndProject
Project("{8BC9CEB8-8B4A-11D0-8D11-00A0C91BC942}") = "Ezreal", "examples\Ezreal\Ezreal.vcxproj", "{133490ED-BDAE-4EC3-B6E0-7C3A161EFC87}"
EndProject
Project("{8BC9CEB8-8B4A-11D0-8D11-00A0C91BC942}") = "Fiora", "examples\Fiora\Fiora.vcxproj", "{C5455090-D515-460A-9FC0-280F3417294F}"
EndProject
Project("{8BC9CEB8-8B4A-11D0-8D11-00A0C91BC942}") = "Irelia", "examples\Irelia\Irelia.vcxproj", "{BE4BEF16-BCA8-4504-8145-8C77BF19F0A2}"
EndProject
Project("{8BC9CEB8-8B4A-11D0-8D11-00A0C91BC942}") = "Jinx", "examples\Jinx\Jinx.vcxproj", "{D2B80721-61DD-4018-B433-794F45747965}"
EndProject
Project("{8BC9CEB8-8B4A-11D0-8D11-00A0C91BC942}") = "Kalista", "examples\Kalista\Kalista.vcxproj", "{EE90CB31-B77F-47B4-81FA-215CE24B05F3}"
EndProject
Project("{8BC9CEB8-8B4A-11D0-8D11-00A0C91BC942}") = "LeeSin", "examples\LeeSin\LeeSin.vcxproj", "{FFFF23F3-B106-478C-A2B5-C58984965ED3}"
EndProject
Project("{8BC9CEB8-8B4A-11D0-8D11-00A0C91BC942}") = "Lucian", "examples\Lucian\Lucian.vcxproj", "{DA171F76-118C-4B60-A919-A2C20589FC5A}"
EndProject
Project("{8BC9CEB8-8B4A-11D0-8D11-00A0C91BC942}") = "MissFortune", "examples\MissFortune\MissFortune.vcxproj", "{D3448EB5-195A-4E3F-81C8-C1D2AF0C322D}"
EndProject
Project("{8BC9CEB8-8B4A-11D0-8D11-00A0C91BC942}") = "Twitch", "examples\Twitch\Twitch.vcxproj", "{8A138CE8-37F6-4ECD-99D7-4EAEA93B0352}"
EndProject
Project("{8BC9CEB8-8B4A-11D0-8D11-00A0C91BC942}") = "Vayne", "examples\Vayne\Vayne.vcxproj", "{F7F82C6A-A23A-4F82-8218-C95CA39BF303}"
EndProject
Global
	GlobalSection(SolutionConfigurationPlatforms) = preSolution
		Debug|x64 = Debug|x64
		Debug|x86 = Debug|x86
		Release|x64 = Release|x64
		Release|x86 = Release|x86
	EndGlobalSection
	GlobalSection(ProjectConfigurationPlatforms) = postSolution
		{B5667964-AF03-4D48-A740-6925106CA558}.Debug|x64.ActiveCfg = Debug|x64
		{B5667964-AF03-4D48-A740-6925106CA558}.Debug|x64.Build.0 = Debug|x64
		{B5667964-AF03-4D48-A740-6925106CA558}.Debug|x86.ActiveCfg = Debug|Win32
		{B5667964-AF03-4D48-A740-6925106CA558}.Debug|x86.Build.0 = Debug|Win32
		{B5667964-AF03-4D48-A740-6925106CA558}.Release|x64.ActiveCfg = Release|x64
		{B5667964-AF03-4D48-A740-6925106CA558}.Release|x64.Build.0 = Release|x64
		{B5667964-AF03-4D48-A740-6925106CA558}.Release|x86.ActiveCfg = Release|Win32
		{B5667964-AF03-4D48-A740-6925106CA558}.Release|x86.Build.0 = Release|Win32
		{13301AD7-E780-41C3-984F-90DA368422DF}.Debug|x64.ActiveCfg = Debug|x64
		{13301AD7-E780-41C3-984F-90DA368422DF}.Debug|x64.Build.0 = Debug|x64
		{13301AD7-E780-41C3-984F-90DA368422DF}.Debug|x86.ActiveCfg = Debug|Win32
		{13301AD7-E780-41C3-984F-90DA368422DF}.Debug|x86.Build.0 = Debug|Win32
		{13301AD7-E780-41C3-984F-90DA368422DF}.Release|x64.ActiveCfg = Release|x64
		{13301AD7-E780-41C3-984F-90DA368422DF}.Release|x64.Build.0 = Release|x64
		{13301AD7-E780-41C3-984F-90DA368422DF}.Release|x86.ActiveCfg = Release|Win32
		{13301AD7-E780-41C3-984F-90DA368422DF}.Release|x86.Build.0 = Release|Win32
		{88242D70-568D-4EC3-8E9F-053A60756C9F}.Debug|x64.ActiveCfg = Debug|x64
		{88242D70-568D-4EC3-8E9F-053A60756C9F}.Debug|x64.Build.0 = Debug|x64
		{88242D70-568D-4EC3-8E9F-053A60756C9F}.Debug|x86.ActiveCfg = Debug|Win32
		{88242D70-568D-4EC3-8E9F-053A60756C9F}.Debug|x86.Build.0 = Debug|Win32
		{88242D70-568D-4EC3-8E9F-053A60756C9F}.Release|x64.ActiveCfg = Release|x64
		{88242D70-568D-4EC3-8E9F-053A60756C9F}.Release|x64.Build.0 = Release|x64
		{88242D70-568D-4EC3-8E9F-053A60756C9F}.Release|x86.ActiveCfg = Release|Win32
		{88242D70-568D-4EC3-8E9F-053A60756C9F}.Release|x86.Build.0 = Release|Win32
		{55785347-0AF3-4E02-A9D9-7F6C69C71311}.Debug|x64.ActiveCfg = Debug|x64
		{55785347-0AF3-4E02-A9D9-7F6C69C71311}.Debug|x64.Build.0 = Debug|x64
		{55785347-0AF3-4E02-A9D9-7F6C69C71311}.Debug|x86.ActiveCfg = Debug|Win32
		{55785347-0AF3-4E02-A9D9-7F6C69C71311}.Debug|x86.Build.0 = Debug|Win32
		{55785347-0AF3-4E02-A9D9-7F6C69C71311}.Release|x64.ActiveCfg = Release|x64
		{55785347-0AF3-4E02-A9D9-7F6C69C71311}.Release|x64.Build.0 = Release|x64
		{55785347-0AF3-4E02-A9D9-7F6C69C71311}.Release|x86.ActiveCfg = Release|Win32
		{55785347-0AF3-4E02-A9D9-7F6C69C71311}.Release|x86.Build.0 = Release|Win32
		{7A68FD73-EB3E-4EEC-BF69-F323FFE9C3CB}.Debug|x64.ActiveCfg = Debug|x64
		{7A68FD73-EB3E-4EEC-BF69-F323FFE9C3CB}.Debug|x64.Build.0 = Debug|x64
		{7A68FD73-EB3E-4EEC-BF69-F323FFE9C3CB}.Debug|x86.ActiveCfg = Debug|Win32
		{7A68FD73-EB3E-4EEC-BF69-F323FFE9C3CB}.Debug|x86.Build.0 = Debug|Win32
		{7A68FD73-EB3E-4EEC-BF69-F323FFE9C3CB}.Release|x64.ActiveCfg = Release|x64
		{7A68FD73-EB3E-4EEC-BF69-F323FFE9C3CB}.Release|x64.Build.0 = Release|x64
		{7A68FD73-EB3E-4EEC-BF69-F323FFE9C3CB}.Release|x86.ActiveCfg = Release|Win32
		{7A68FD73-EB3E-4EEC-BF69-F323FFE9C3CB}.Release|x86.Build.0 = Release|Win32
		{E46AA798-876B-4F03-B7D0-849FCF9ECE56}.Debug|x64.ActiveCfg = Debug|x64
		{E46AA798-876B-4F03-B7D0-849FCF9ECE56}.Debug|x64.Build.0 = Debug|x64
		{E46AA798-876B-4F03-B7D0-849FCF9ECE56}.Debug|x86.ActiveCfg = Debug|Win32
		{E46AA798-876B-4F03-B7D0-849FCF9ECE56}.Debug|x86.Build.0 = Debug|Win32
		{E46AA798-876B-4F03-B7D0-849FCF9ECE56}.Release|x64.ActiveCfg = Release|x64
		{E46AA798-876B-4F03-B7D0-849FCF9ECE56}.Release|x64.Build.0 = Release|x64
		{E46AA798-876B-4F03-B7D0-849FCF9ECE56}.Release|x86.ActiveCfg = Release|Win32
		{E46AA798-876B-4F03-B7D0-849FCF9ECE56}.Release|x86.Build.0 = Release|Win32
		{133490ED-BDAE-4EC3-B6E0-7C3A161EFC87}.Debug|x64.ActiveCfg = Debug|x64
		{133490ED-BDAE-4EC3-B6E0-7C3A161EFC87}.Debug|x64.Build.0 = Debug|x64
		{133490ED-BDAE-4EC3-B6E0-7C3A161EFC87}.Debug|x86.ActiveCfg = Debug|Win32
		{133490ED-BDAE-4EC3-B6E0-7C3A161EFC87}.Debug|x86.Build.0 = Debug|Win32
		{133490ED-BDAE-4EC3-B6E0-7C3A161EFC87}.Release|x64.ActiveCfg = Release|x64
		{133490ED-BDAE-4EC3-B6E0-7C3A161EFC87}.Release|x64.Build.0 = Release|x64
		{133490ED-BDAE-4EC3-B6E0-7C3A161EFC87}.Release|x86.ActiveCfg = Release|Win32
		{133490ED-BDAE-4EC3-B6E0-7C3A161EFC87}.Release|x86.Build.0 = Release|Win32
		{C5455090-D515-460A-9FC0-280F3417294F}.Debug|x64.ActiveCfg = Debug|x64
		{C5455090-D515-460A-9FC0-280F3417294F}.Debug|x64.Build.0 = Debug|x64
		{C5455090-D515-460A-9FC0-280F3417294F}.Debug|x86.ActiveCfg = Debug|Win32
		{C5455090-D515-460A-9FC0-280F3417294F}.Debug|x86.Build.0 = Debug|Win32
		{C5455090-D515-460A-9FC0-280F3417294F}.Release|x64.ActiveCfg = Release|x64
		{C5455090-D515-460A-9FC0-280F3417294F}.Release|x64.Build.0 = Release|x64
		{C5455090-D515-460A-9FC0-280F3417294F}.Release|x86.ActiveCfg = Release|Win32
		{C5455090-D515-460A-9FC0-280F3417294F}.Release|x86.Build.0 = Release|Win32
		{BE4BEF16-BCA8-4504-8145-8C77BF19F0A2}.Debug|x64.ActiveCfg = Debug|x64
		{BE4BEF16-BCA8-4504-8145-8C77BF19F0A2}.Debug|x64.Build.0 = Debug|x64
		{BE4BEF16-BCA8-4504-8145-8C77BF19F0A2}.Debug|x86.ActiveCfg = Debug|Win32
		{BE4BEF16-BCA8-4504-8145-8C77BF19F0A2}.Debug|x86.Build.0 = Debug|Win32
		{BE4BEF16-BCA8-4504-8145-8C77BF19F0A2}.Release|x64.ActiveCfg = Release|x64
		{BE4BEF16-BCA8-4504-8145-8C77BF19F0A2}.Release|x64.Build.0 = Release|x64
		{BE4BEF16-BCA8-4504-8145-8C77BF19F0A2}.Release|x86.ActiveCfg = Release|Win32
		{BE4BEF16-BCA8-4504-8145-8C77BF19F0A2}.Release|x86.Build.0 = Release|Win32
		{D2B80721-61DD-4018-B433-794F45747965}.Debug|x64.ActiveCfg = Debug|x64
		{D2B80721-61DD-4018-B433-794F45747965}.Debug|x64.Build.0 = Debug|x64
		{D2B80721-61DD-4018-B433-794F45747965}.Debug|x86.ActiveCfg = Debug|Win32
		{D2B80721-61DD-4018-B433-794F45747965}.Debug|x86.Build.0 = Debug|Win32
		{D2B80721-61DD-4018-B433-794F45747965}.Release|x64.ActiveCfg = Release|x64
		{D2B80721-61DD-4018-B433-794F45747965}.Release|x64.Build.0 = Release|x64
		{D2B80721-61DD-4018-B433-794F45747965}.Release|x86.ActiveCfg = Release|Win32
		{D2B80721-61DD-4018-B433-794F45747965}.Release|x86.Build.0 = Release|Win32
		{EE90CB31-B77F-47B4-81FA-215CE24B05F3}.Debug|x64.ActiveCfg = Debug|x64
		{EE90CB31-B77F-47B4-81FA-215CE24B05F3}.Debug|x64.Build.0 = Debug|x64
		{EE90CB31-B77F-47B4-81FA-215CE24B05F3}.Debug|x86.ActiveCfg = Debug|Win32
		{EE90CB31-B77F-47B4-81FA-215CE24B05F3}.Debug|x86.Build.0 = Debug|Win32
		{EE90CB31-B77F-47B4-81FA-215CE24B05F3}.Release|x64.ActiveCfg = Release|x64
		{EE90CB31-B77F-47B4-81FA-215CE24B05F3}.Release|x64.Build.0 = Release|x64
		{EE90CB31-B77F-47B4-81FA-215CE24B05F3}.Release|x86.ActiveCfg = Release|Win32
		{EE90CB31-B77F-47B4-81FA-215CE24B05F3}.Release|x86.Build.0 = Release|Win32
		{FFFF23F3-B106-478C-A2B5-C58984965ED3}.Debug|x64.ActiveCfg = Debug|x64
		{FFFF23F3-B106-478C-A2B5-C58984965ED3}.Debug|x64.Build.0 = Debug|x64
		{FFFF23F3-B106-478C-A2B5-C58984965ED3}.Debug|x86.ActiveCfg = Debug|Win32
		{FFFF23F3-B106-478C-A2B5-C58984965ED3}.Debug|x86.Build.0 = Debug|Win32
		{FFFF23F3-B106-478C-A2B5-C58984965ED3}.Release|x64.ActiveCfg = Release|x64
		{FFFF23F3-B106-478C-A2B5-C58984965ED3}.Release|x64.Build.0 = Release|x64
		{FFFF23F3-B106-478C-A2B5-C58984965ED3}.Release|x86.ActiveCfg = Release|Win32
		{FFFF23F3-B106-478C-A2B5-C58984965ED3}.Release|x86.Build.0 = Release|Win32
		{DA171F76-118C-4B60-A919-A2C20589FC5A}.Debug|x64.ActiveCfg = Debug|x64
		{DA171F76-118C-4B60-A919-A2C20589FC5A}.Debug|x64.Build.0 = Debug|x64
		{DA171F76-118C-4B60-A919-A2C20589FC5A}.Debug|x86.ActiveCfg = Debug|Win32
		{DA171F76-118C-4B60-A919-A2C20589FC5A}.Debug|x86.Build.0 = Debug|Win32
		{DA171F76-118C-4B60-A919-A2C20589FC5A}.Release|x64.ActiveCfg = Release|x64
		{DA171F76-118C-4B60-A919-A2C20589FC5A}.Release|x64.Build.0 = Release|x64
		{DA171F76-118C-4B60-A919-A2C20589FC5A}.Release|x86.ActiveCfg = Release|Win32
		{DA171F76-118C-4B60-A919-A2C20589FC5A}.Release|x86.Build.0 = Release|Win32
		{D3448EB5-195A-4E3F-81C8-C1D2AF0C322D}.Debug|x64.ActiveCfg = Debug|x64
		{D3448EB5-195A-4E3F-81C8-C1D2AF0C322D}.Debug|x64.Build.0 = Debug|x64
		{D3448EB5-195A-4E3F-81C8-C1D2AF0C322D}.Debug|x86.ActiveCfg = Debug|Win32
		{D3448EB5-195A-4E3F-81C8-C1D2AF0C322D}.Debug|x86.Build.0 = Debug|Win32
		{D3448EB5-195A-4E3F-81C8-C1D2AF0C322D}.Release|x64.ActiveCfg = Release|x64
		{D3448EB5-195A-4E3F-81C8-C1D2AF0C322D}.Release|x64.Build.0 = Release|x64
		{D3448EB5-195A-4E3F-81C8-C1D2AF0C322D}.Release|x86.ActiveCfg = Release|Win32
		{D3448EB5-195A-4E3F-81C8-C1D2AF0C322D}.Release|x86.Build.0 = Release|Win32
		{8A138CE8-37F6-4ECD-99D7-4EAEA93B0352}.Debug|x64.ActiveCfg = Debug|x64
		{8A138CE8-37F6-4ECD-99D7-4EAEA93B0352}.Debug|x64.Build.0 = Debug|x64
		{8A138CE8-37F6-4ECD-99D7-4EAEA93B0352}.Debug|x86.ActiveCfg = Debug|Win32
		{8A138CE8-37F6-4ECD-99D7-4EAEA93B0352}.Debug|x86.Build.0 = Debug|Win32
		{8A138CE8-37F6-4ECD-99D7-4EAEA93B0352}.Release|x64.ActiveCfg = Release|x64
		{8A138CE8-37F6-4ECD-99D7-4EAEA93B0352}.Release|x64.Build.0 = Release|x64
		{8A138CE8-37F6-4ECD-99D7-4EAEA93B0352}.Release|x86.ActiveCfg = Release|Win32
		{8A138CE8-37F6-4ECD-99D7-4EAEA93B0352}.Release|x86.Build.0 = Release|Win32
		{F7F82C6A-A23A-4F82-8218-C95CA39BF303}.Debug|x64.ActiveCfg = Debug|x64
		{F7F82C6A-A23A-4F82-8218-C95CA39BF303}.Debug|x64.Build.0 = Debug|x64
		{F7F82C6A-A23A-4F82-8218-C95CA39BF303}.Debug|x86.ActiveCfg = Debug|Win32
		{F7F82C6A-A23A-4F82-8218-C95CA39BF303}.Debug|x86.Build.0 = Debug|Win32
		{F7F82C6A-A23A-4F82-8218-C95CA39BF303}.Release|x64.ActiveCfg = Release|x64
		{F7F82C6A-A23A-4F82-8218-C95CA39BF303}.Release|x64.Build.0 = Release|x64
		{F7F82C6A-A23A-4F82-8218-C95CA39BF303}.Release|x86.ActiveCfg = Release|Win32
		{F7F82C6A-A23A-4F82-8218-C95CA39BF303}.Release|x86.Build.0 = Release|Win32
	EndGlobalSection
	GlobalSection(SolutionProperties) = preSolution
		HideSolutionNode = FALSE
	EndGlobalSection
	GlobalSection(NestedProjects) = preSolution
		{13301AD7-E780-41C3-984F-90DA368422DF} = {2EB5E6C2-890A-46D2-8D26-7F6D32673659}
		{88242D70-568D-4EC3-8E9F-053A60756C9F} = {2EB5E6C2-890A-46D2-8D26-7F6D32673659}
		{55785347-0AF3-4E02-A9D9-7F6C69C71311} = {2EB5E6C2-890A-46D2-8D26-7F6D32673659}
		{7A68FD73-EB3E-4EEC-BF69-F323FFE9C3CB} = {2EB5E6C2-890A-46D2-8D26-7F6D32673659}
		{E46AA798-876B-4F03-B7D0-849FCF9ECE56} = {2EB5E6C2-890A-46D2-8D26-7F6D32673659}
		{133490ED-BDAE-4EC3-B6E0-7C3A161EFC87} = {2EB5E6C2-890A-46D2-8D26-7F6D32673659}
		{C5455090-D515-460A-9FC0-280F3417294F} = {2EB5E6C2-890A-46D2-8D26-7F6D32673659}
		{BE4BEF16-BCA8-4504-8145-8C77BF19F0A2} = {2EB5E6C2-890A-46D2-8D26-7F6D32673659}
		{D2B80721-61DD-4018-B433-794F45747965} = {2EB5E6C2-890A-46D2-8D26-7F6D32673659}
		{EE90CB31-B77F-47B4-81FA-215CE24B05F3} = {2EB5E6C2-890A-46D2-8D26-7F6D32673659}
		{FFFF23F3-B106-478C-A2B5-C58984965ED3} = {2EB5E6C2-890A-46D2-8D26-7F6D32673659}
		{DA171F76-118C-4B60-A919-A2C20589FC5A} = {2EB5E6C2-890A-46D2-8D26-7F6D32673659}
		{D3448EB5-195A-4E3F-81C8-C1D2AF0C322D} = {2EB5E6C2-890A-46D2-8D26-7F6D32673659}
		{8A138CE8-37F6-4ECD-99D7-4EAEA93B0352} = {2EB5E6C2-890A-46D2-8D26-7F6D32673659}
		{F7F82C6A-A23A-4F82-8218-C95CA39BF303} = {2EB5E6C2-890A-46D2-8D26-7F6D32673659}
	EndGlobalSection
	GlobalSection(ExtensibilityGlobals) = postSolution
		SolutionGuid = {F0FA67BD-BF84-43C6-9C52-ED807D0179DC}
	EndGlobalSection
EndGlobal
